
Microsoft Visual Studio Solution File, Format Version 12.00
# Visual Studio Version 17
VisualStudioVersion = 17.7.34024.191
MinimumVisualStudioVersion = 10.0.40219.1
Project("{9A19103F-16F7-4668-BE54-9A1E7A4F7556}") = "CacheUtility", "CacheUtility.csproj", "{364E3BBD-6012-4F5B-AA8D-4C5193817BEE}"
EndProject
Project("{FAE04EC0-301F-11D3-BF4B-00C04F79EFBC}") = "CacheUtility.Tests", "CacheUtility.Tests\CacheUtility.Tests.csproj", "{848EE8C7-CAB3-D6B4-3AFE-252A8414E623}"
EndProject
Global
	GlobalSection(SolutionConfigurationPlatforms) = preSolution
		Debug|Any CPU = Debug|Any CPU
		Release|Any CPU = Release|Any CPU
	EndGlobalSection
	GlobalSection(ProjectConfigurationPlatforms) = postSolution
		{364E3BBD-6012-4F5B-AA8D-4C5193817BEE}.Debug|Any CPU.ActiveCfg = Debug|Any CPU
		{364E3BBD-6012-4F5B-AA8D-4C5193817BEE}.Debug|Any CPU.Build.0 = Debug|Any CPU
		{364E3BBD-6012-4F5B-AA8D-4C5193817BEE}.Release|Any CPU.ActiveCfg = Release|Any CPU
		{364E3BBD-6012-4F5B-AA8D-4C5193817BEE}.Release|Any CPU.Build.0 = Release|Any CPU
		{848EE8C7-CAB3-D6B4-3AFE-252A8414E623}.Debug|Any CPU.ActiveCfg = Debug|Any CPU
		{848EE8C7-CAB3-D6B4-3AFE-252A8414E623}.Debug|Any CPU.Build.0 = Debug|Any CPU
		{848EE8C7-CAB3-D6B4-3AFE-252A8414E623}.Release|Any CPU.ActiveCfg = Release|Any CPU
		{848EE8C7-CAB3-D6B4-3AFE-252A8414E623}.Release|Any CPU.Build.0 = Release|Any CPU
	EndGlobalSection
	GlobalSection(SolutionProperties) = preSolution
		HideSolutionNode = FALSE
	EndGlobalSection
	GlobalSection(ExtensibilityGlobals) = postSolution
		SolutionGuid = {8F862E61-ACE3-47B1-A5C1-C0E1EE77CDC7}
	EndGlobalSection
EndGlobal
